
Microsoft Visual Studio Solution File, Format Version 12.00
# Visual Studio 15
VisualStudioVersion = 15.0.28307.168
MinimumVisualStudioVersion = 10.0.40219.1
Project("{FAE04EC0-301F-11D3-BF4B-00C04F79EFBC}") = "Taxi_Fare_Prediction", "Taxi_Fare_Prediction\Taxi_Fare_Prediction.csproj", "{B6F4BBEA-110A-4793-AF0C-250E5A2AA984}"
EndProject
Global
	GlobalSection(SolutionConfigurationPlatforms) = preSolution
		Debug|Any CPU = Debug|Any CPU
		Release|Any CPU = Release|Any CPU
	EndGlobalSection
	GlobalSection(ProjectConfigurationPlatforms) = postSolution
		{B6F4BBEA-110A-4793-AF0C-250E5A2AA984}.Debug|Any CPU.ActiveCfg = Debug|Any CPU
		{B6F4BBEA-110A-4793-AF0C-250E5A2AA984}.Debug|Any CPU.Build.0 = Debug|Any CPU
		{B6F4BBEA-110A-4793-AF0C-250E5A2AA984}.Release|Any CPU.ActiveCfg = Release|Any CPU
		{B6F4BBEA-110A-4793-AF0C-250E5A2AA984}.Release|Any CPU.Build.0 = Release|Any CPU
	EndGlobalSection
	GlobalSection(SolutionProperties) = preSolution
		HideSolutionNode = FALSE
	EndGlobalSection
	GlobalSection(ExtensibilityGlobals) = postSolution
		SolutionGuid = {F0799B70-E816-40C6-925B-344FC647C1DB}
	EndGlobalSection
EndGlobal
